// !$*UTF8*$!
{
	archiveVersion = 1;
	classes = {
	};
	objectVersion = 50;
	objects = {

/* Begin PBXBuildFile section */
		6528B9DA216A85A10056B380 /* CreateCompanyController.swift in Sources */ = {isa = PBXBuildFile; fileRef = 6528B9D9216A85A10056B380 /* CreateCompanyController.swift */; };
		6528B9DE216A8B5B0056B380 /* CustomNavigationController.swift in Sources */ = {isa = PBXBuildFile; fileRef = 6528B9DD216A8B5B0056B380 /* CustomNavigationController.swift */; };
		6528B9E0216A97190056B380 /* UIView+AutoLayout.swift in Sources */ = {isa = PBXBuildFile; fileRef = 6528B9DF216A97190056B380 /* UIView+AutoLayout.swift */; };
		65642235217294DD0070012A /* UINavigationController+Style.swift in Sources */ = {isa = PBXBuildFile; fileRef = 65642234217294DD0070012A /* UINavigationController+Style.swift */; };
		656422372172A3CD0070012A /* UIImageView+Style.swift in Sources */ = {isa = PBXBuildFile; fileRef = 656422362172A3CD0070012A /* UIImageView+Style.swift */; };
		656422392172DF570070012A /* CompanyCell.swift in Sources */ = {isa = PBXBuildFile; fileRef = 656422382172DF570070012A /* CompanyCell.swift */; };
		6564223C2173B0BE0070012A /* CompaniesController+CreateCompany.swift in Sources */ = {isa = PBXBuildFile; fileRef = 6564223B2173B0BE0070012A /* CompaniesController+CreateCompany.swift */; };
		6564223E2173B23B0070012A /* CompaniesController+UITableView.swift in Sources */ = {isa = PBXBuildFile; fileRef = 6564223D2173B23B0070012A /* CompaniesController+UITableView.swift */; };
		659C9CA9216C41AA00388634 /* CompanyFinderModels.xcdatamodeld in Sources */ = {isa = PBXBuildFile; fileRef = 659C9CA7216C41AA00388634 /* CompanyFinderModels.xcdatamodeld */; };
		659C9CAB216C4FF700388634 /* CoreDataManager.swift in Sources */ = {isa = PBXBuildFile; fileRef = 659C9CAA216C4FF700388634 /* CoreDataManager.swift */; };
		65D8E0E42169CBF0002906AA /* AppDelegate.swift in Sources */ = {isa = PBXBuildFile; fileRef = 65D8E0E32169CBF0002906AA /* AppDelegate.swift */; };
		65D8E0E62169CBF0002906AA /* CompaniesController.swift in Sources */ = {isa = PBXBuildFile; fileRef = 65D8E0E52169CBF0002906AA /* CompaniesController.swift */; };
		65D8E0E92169CBF0002906AA /* Main.storyboard in Resources */ = {isa = PBXBuildFile; fileRef = 65D8E0E72169CBF0002906AA /* Main.storyboard */; };
		65D8E0EB2169CBF2002906AA /* Assets.xcassets in Resources */ = {isa = PBXBuildFile; fileRef = 65D8E0EA2169CBF2002906AA /* Assets.xcassets */; };
		65D8E0EE2169CBF2002906AA /* LaunchScreen.storyboard in Resources */ = {isa = PBXBuildFile; fileRef = 65D8E0EC2169CBF2002906AA /* LaunchScreen.storyboard */; };
		65D8E0F6216A7737002906AA /* UIColor+theme.swift in Sources */ = {isa = PBXBuildFile; fileRef = 65D8E0F5216A7737002906AA /* UIColor+theme.swift */; };
/* End PBXBuildFile section */

/* Begin PBXFileReference section */
		6528B9D9216A85A10056B380 /* CreateCompanyController.swift */ = {isa = PBXFileReference; lastKnownFileType = sourcecode.swift; path = CreateCompanyController.swift; sourceTree = "<group>"; };
		6528B9DD216A8B5B0056B380 /* CustomNavigationController.swift */ = {isa = PBXFileReference; lastKnownFileType = sourcecode.swift; path = CustomNavigationController.swift; sourceTree = "<group>"; };
		6528B9DF216A97190056B380 /* UIView+AutoLayout.swift */ = {isa = PBXFileReference; lastKnownFileType = sourcecode.swift; path = "UIView+AutoLayout.swift"; sourceTree = "<group>"; };
		65642234217294DD0070012A /* UINavigationController+Style.swift */ = {isa = PBXFileReference; lastKnownFileType = sourcecode.swift; path = "UINavigationController+Style.swift"; sourceTree = "<group>"; };
		656422362172A3CD0070012A /* UIImageView+Style.swift */ = {isa = PBXFileReference; lastKnownFileType = sourcecode.swift; path = "UIImageView+Style.swift"; sourceTree = "<group>"; };
		656422382172DF570070012A /* CompanyCell.swift */ = {isa = PBXFileReference; lastKnownFileType = sourcecode.swift; path = CompanyCell.swift; sourceTree = "<group>"; };
		6564223B2173B0BE0070012A /* CompaniesController+CreateCompany.swift */ = {isa = PBXFileReference; lastKnownFileType = sourcecode.swift; path = "CompaniesController+CreateCompany.swift"; sourceTree = "<group>"; };
		6564223D2173B23B0070012A /* CompaniesController+UITableView.swift */ = {isa = PBXFileReference; lastKnownFileType = sourcecode.swift; path = "CompaniesController+UITableView.swift"; sourceTree = "<group>"; };
		659C9CA8216C41AA00388634 /* CompanyFinderModels.xcdatamodel */ = {isa = PBXFileReference; lastKnownFileType = wrapper.xcdatamodel; path = CompanyFinderModels.xcdatamodel; sourceTree = "<group>"; };
		659C9CAA216C4FF700388634 /* CoreDataManager.swift */ = {isa = PBXFileReference; lastKnownFileType = sourcecode.swift; path = CoreDataManager.swift; sourceTree = "<group>"; };
		65D8E0E02169CBF0002906AA /* CompanyFinder.app */ = {isa = PBXFileReference; explicitFileType = wrapper.application; includeInIndex = 0; path = CompanyFinder.app; sourceTree = BUILT_PRODUCTS_DIR; };
		65D8E0E32169CBF0002906AA /* AppDelegate.swift */ = {isa = PBXFileReference; lastKnownFileType = sourcecode.swift; path = AppDelegate.swift; sourceTree = "<group>"; };
		65D8E0E52169CBF0002906AA /* CompaniesController.swift */ = {isa = PBXFileReference; lastKnownFileType = sourcecode.swift; path = CompaniesController.swift; sourceTree = "<group>"; };
		65D8E0E82169CBF0002906AA /* Base */ = {isa = PBXFileReference; lastKnownFileType = file.storyboard; name = Base; path = Base.lproj/Main.storyboard; sourceTree = "<group>"; };
		65D8E0EA2169CBF2002906AA /* Assets.xcassets */ = {isa = PBXFileReference; lastKnownFileType = folder.assetcatalog; path = Assets.xcassets; sourceTree = "<group>"; };
		65D8E0ED2169CBF2002906AA /* Base */ = {isa = PBXFileReference; lastKnownFileType = file.storyboard; name = Base; path = Base.lproj/LaunchScreen.storyboard; sourceTree = "<group>"; };
		65D8E0EF2169CBF2002906AA /* Info.plist */ = {isa = PBXFileReference; lastKnownFileType = text.plist.xml; path = Info.plist; sourceTree = "<group>"; };
		65D8E0F5216A7737002906AA /* UIColor+theme.swift */ = {isa = PBXFileReference; lastKnownFileType = sourcecode.swift; path = "UIColor+theme.swift"; sourceTree = "<group>"; };
/* End PBXFileReference section */

/* Begin PBXFrameworksBuildPhase section */
		65D8E0DD2169CBF0002906AA /* Frameworks */ = {
			isa = PBXFrameworksBuildPhase;
			buildActionMask = 2147483647;
			files = (
			);
			runOnlyForDeploymentPostprocessing = 0;
		};
/* End PBXFrameworksBuildPhase section */

/* Begin PBXGroup section */
		6564223A2172E13D0070012A /* Companies */ = {
			isa = PBXGroup;
			children = (
				65D8E0E52169CBF0002906AA /* CompaniesController.swift */,
				6564223D2173B23B0070012A /* CompaniesController+UITableView.swift */,
				656422382172DF570070012A /* CompanyCell.swift */,
				6564223B2173B0BE0070012A /* CompaniesController+CreateCompany.swift */,
			);
			path = Companies;
			sourceTree = "<group>";
		};
		65D8E0D72169CBEF002906AA = {
			isa = PBXGroup;
			children = (
				65D8E0E22169CBF0002906AA /* CompanyFinder */,
				65D8E0E12169CBF0002906AA /* Products */,
			);
			sourceTree = "<group>";
		};
		65D8E0E12169CBF0002906AA /* Products */ = {
			isa = PBXGroup;
			children = (
				65D8E0E02169CBF0002906AA /* CompanyFinder.app */,
			);
			name = Products;
			sourceTree = "<group>";
		};
		65D8E0E22169CBF0002906AA /* CompanyFinder */ = {
			isa = PBXGroup;
			children = (
				6564223A2172E13D0070012A /* Companies */,
				659C9CA7216C41AA00388634 /* CompanyFinderModels.xcdatamodeld */,
				65D8E0E32169CBF0002906AA /* AppDelegate.swift */,
				6528B9DD216A8B5B0056B380 /* CustomNavigationController.swift */,
				6528B9D9216A85A10056B380 /* CreateCompanyController.swift */,
				659C9CAA216C4FF700388634 /* CoreDataManager.swift */,
				65D8E0E72169CBF0002906AA /* Main.storyboard */,
				65D8E0EA2169CBF2002906AA /* Assets.xcassets */,
				65D8E0EC2169CBF2002906AA /* LaunchScreen.storyboard */,
				65D8E0EF2169CBF2002906AA /* Info.plist */,
				65D8E0F5216A7737002906AA /* UIColor+theme.swift */,
				6528B9DF216A97190056B380 /* UIView+AutoLayout.swift */,
				65642234217294DD0070012A /* UINavigationController+Style.swift */,
				656422362172A3CD0070012A /* UIImageView+Style.swift */,
			);
			path = CompanyFinder;
			sourceTree = "<group>";
		};
/* End PBXGroup section */

/* Begin PBXNativeTarget section */
		65D8E0DF2169CBF0002906AA /* CompanyFinder */ = {
			isa = PBXNativeTarget;
			buildConfigurationList = 65D8E0F22169CBF2002906AA /* Build configuration list for PBXNativeTarget "CompanyFinder" */;
			buildPhases = (
				65D8E0DC2169CBF0002906AA /* Sources */,
				65D8E0DD2169CBF0002906AA /* Frameworks */,
				65D8E0DE2169CBF0002906AA /* Resources */,
			);
			buildRules = (
			);
			dependencies = (
			);
			name = CompanyFinder;
			productName = CompanyFinder;
			productReference = 65D8E0E02169CBF0002906AA /* CompanyFinder.app */;
			productType = "com.apple.product-type.application";
		};
/* End PBXNativeTarget section */

/* Begin PBXProject section */
		65D8E0D82169CBEF002906AA /* Project object */ = {
			isa = PBXProject;
			attributes = {
				LastSwiftUpdateCheck = 0940;
				LastUpgradeCheck = 0940;
				ORGANIZATIONNAME = "Chase Klingel";
				TargetAttributes = {
					65D8E0DF2169CBF0002906AA = {
						CreatedOnToolsVersion = 9.4.1;
					};
				};
			};
			buildConfigurationList = 65D8E0DB2169CBF0002906AA /* Build configuration list for PBXProject "CompanyFinder" */;
			compatibilityVersion = "Xcode 9.3";
			developmentRegion = en;
			hasScannedForEncodings = 0;
			knownRegions = (
				en,
				Base,
			);
			mainGroup = 65D8E0D72169CBEF002906AA;
			productRefGroup = 65D8E0E12169CBF0002906AA /* Products */;
			projectDirPath = "";
			projectRoot = "";
			targets = (
				65D8E0DF2169CBF0002906AA /* CompanyFinder */,
			);
		};
/* End PBXProject section */

/* Begin PBXResourcesBuildPhase section */
		65D8E0DE2169CBF0002906AA /* Resources */ = {
			isa = PBXResourcesBuildPhase;
			buildActionMask = 2147483647;
			files = (
				65D8E0EE2169CBF2002906AA /* LaunchScreen.storyboard in Resources */,
				65D8E0EB2169CBF2002906AA /* Assets.xcassets in Resources */,
				65D8E0E92169CBF0002906AA /* Main.storyboard in Resources */,
			);
			runOnlyForDeploymentPostprocessing = 0;
		};
/* End PBXResourcesBuildPhase section */

/* Begin PBXSourcesBuildPhase section */
		65D8E0DC2169CBF0002906AA /* Sources */ = {
			isa = PBXSourcesBuildPhase;
			buildActionMask = 2147483647;
			files = (
				65D8E0F6216A7737002906AA /* UIColor+theme.swift in Sources */,
				65D8E0E62169CBF0002906AA /* CompaniesController.swift in Sources */,
				6528B9DA216A85A10056B380 /* CreateCompanyController.swift in Sources */,
				6564223C2173B0BE0070012A /* CompaniesController+CreateCompany.swift in Sources */,
				656422372172A3CD0070012A /* UIImageView+Style.swift in Sources */,
				6528B9E0216A97190056B380 /* UIView+AutoLayout.swift in Sources */,
				6564223E2173B23B0070012A /* CompaniesController+UITableView.swift in Sources */,
				65D8E0E42169CBF0002906AA /* AppDelegate.swift in Sources */,
				659C9CAB216C4FF700388634 /* CoreDataManager.swift in Sources */,
				656422392172DF570070012A /* CompanyCell.swift in Sources */,
				659C9CA9216C41AA00388634 /* CompanyFinderModels.xcdatamodeld in Sources */,
				6528B9DE216A8B5B0056B380 /* CustomNavigationController.swift in Sources */,
				65642235217294DD0070012A /* UINavigationController+Style.swift in Sources */,
			);
			runOnlyForDeploymentPostprocessing = 0;
		};
/* End PBXSourcesBuildPhase section */

/* Begin PBXVariantGroup section */
		65D8E0E72169CBF0002906AA /* Main.storyboard */ = {
			isa = PBXVariantGroup;
			children = (
				65D8E0E82169CBF0002906AA /* Base */,
			);
			name = Main.storyboard;
			sourceTree = "<group>";
		};
		65D8E0EC2169CBF2002906AA /* LaunchScreen.storyboard */ = {
			isa = PBXVariantGroup;
			children = (
				65D8E0ED2169CBF2002906AA /* Base */,
			);
			name = LaunchScreen.storyboard;
			sourceTree = "<group>";
		};
/* End PBXVariantGroup section */

/* Begin XCBuildConfiguration section */
		65D8E0F02169CBF2002906AA /* Debug */ = {
			isa = XCBuildConfiguration;
			buildSettings = {
				ALWAYS_SEARCH_USER_PATHS = NO;
				CLANG_ANALYZER_NONNULL = YES;
				CLANG_ANALYZER_NUMBER_OBJECT_CONVERSION = YES_AGGRESSIVE;
				CLANG_CXX_LANGUAGE_STANDARD = "gnu++14";
				CLANG_CXX_LIBRARY = "libc++";
				CLANG_ENABLE_MODULES = YES;
				CLANG_ENABLE_OBJC_ARC = YES;
				CLANG_ENABLE_OBJC_WEAK = YES;
				CLANG_WARN_BLOCK_CAPTURE_AUTORELEASING = YES;
				CLANG_WARN_BOOL_CONVERSION = YES;
				CLANG_WARN_COMMA = YES;
				CLANG_WARN_CONSTANT_CONVERSION = YES;
				CLANG_WARN_DEPRECATED_OBJC_IMPLEMENTATIONS = YES;
				CLANG_WARN_DIRECT_OBJC_ISA_USAGE = YES_ERROR;
				CLANG_WARN_DOCUMENTATION_COMMENTS = YES;
				CLANG_WARN_EMPTY_BODY = YES;
				CLANG_WARN_ENUM_CONVERSION = YES;
				CLANG_WARN_INFINITE_RECURSION = YES;
				CLANG_WARN_INT_CONVERSION = YES;
				CLANG_WARN_NON_LITERAL_NULL_CONVERSION = YES;
				CLANG_WARN_OBJC_IMPLICIT_RETAIN_SELF = YES;
				CLANG_WARN_OBJC_LITERAL_CONVERSION = YES;
				CLANG_WARN_OBJC_ROOT_CLASS = YES_ERROR;
				CLANG_WARN_RANGE_LOOP_ANALYSIS = YES;
				CLANG_WARN_STRICT_PROTOTYPES = YES;
				CLANG_WARN_SUSPICIOUS_MOVE = YES;
				CLANG_WARN_UNGUARDED_AVAILABILITY = YES_AGGRESSIVE;
				CLANG_WARN_UNREACHABLE_CODE = YES;
				CLANG_WARN__DUPLICATE_METHOD_MATCH = YES;
				CODE_SIGN_IDENTITY = "iPhone Developer";
				COPY_PHASE_STRIP = NO;
				DEBUG_INFORMATION_FORMAT = dwarf;
				ENABLE_STRICT_OBJC_MSGSEND = YES;
				ENABLE_TESTABILITY = YES;
				GCC_C_LANGUAGE_STANDARD = gnu11;
				GCC_DYNAMIC_NO_PIC = NO;
				GCC_NO_COMMON_BLOCKS = YES;
				GCC_OPTIMIZATION_LEVEL = 0;
				GCC_PREPROCESSOR_DEFINITIONS = (
					"DEBUG=1",
					"$(inherited)",
				);
				GCC_WARN_64_TO_32_BIT_CONVERSION = YES;
				GCC_WARN_ABOUT_RETURN_TYPE = YES_ERROR;
				GCC_WARN_UNDECLARED_SELECTOR = YES;
				GCC_WARN_UNINITIALIZED_AUTOS = YES_AGGRESSIVE;
				GCC_WARN_UNUSED_FUNCTION = YES;
				GCC_WARN_UNUSED_VARIABLE = YES;
				IPHONEOS_DEPLOYMENT_TARGET = 11.4;
				MTL_ENABLE_DEBUG_INFO = YES;
				ONLY_ACTIVE_ARCH = YES;
				SDKROOT = iphoneos;
				SWIFT_ACTIVE_COMPILATION_CONDITIONS = DEBUG;
				SWIFT_OPTIMIZATION_LEVEL = "-Onone";
			};
			name = Debug;
		};
		65D8E0F12169CBF2002906AA /* Release */ = {
			isa = XCBuildConfiguration;
			buildSettings = {
				ALWAYS_SEARCH_USER_PATHS = NO;
				CLANG_ANALYZER_NONNULL = YES;
				CLANG_ANALYZER_NUMBER_OBJECT_CONVERSION = YES_AGGRESSIVE;
				CLANG_CXX_LANGUAGE_STANDARD = "gnu++14";
				CLANG_CXX_LIBRARY = "libc++";
				CLANG_ENABLE_MODULES = YES;
				CLANG_ENABLE_OBJC_ARC = YES;
				CLANG_ENABLE_OBJC_WEAK = YES;
				CLANG_WARN_BLOCK_CAPTURE_AUTORELEASING = YES;
				CLANG_WARN_BOOL_CONVERSION = YES;
				CLANG_WARN_COMMA = YES;
				CLANG_WARN_CONSTANT_CONVERSION = YES;
				CLANG_WARN_DEPRECATED_OBJC_IMPLEMENTATIONS = YES;
				CLANG_WARN_DIRECT_OBJC_ISA_USAGE = YES_ERROR;
				CLANG_WARN_DOCUMENTATION_COMMENTS = YES;
				CLANG_WARN_EMPTY_BODY = YES;
				CLANG_WARN_ENUM_CONVERSION = YES;
				CLANG_WARN_INFINITE_RECURSION = YES;
				CLANG_WARN_INT_CONVERSION = YES;
				CLANG_WARN_NON_LITERAL_NULL_CONVERSION = YES;
				CLANG_WARN_OBJC_IMPLICIT_RETAIN_SELF = YES;
				CLANG_WARN_OBJC_LITERAL_CONVERSION = YES;
				CLANG_WARN_OBJC_ROOT_CLASS = YES_ERROR;
				CLANG_WARN_RANGE_LOOP_ANALYSIS = YES;
				CLANG_WARN_STRICT_PROTOTYPES = YES;
				CLANG_WARN_SUSPICIOUS_MOVE = YES;
				CLANG_WARN_UNGUARDED_AVAILABILITY = YES_AGGRESSIVE;
				CLANG_WARN_UNREACHABLE_CODE = YES;
				CLANG_WARN__DUPLICATE_METHOD_MATCH = YES;
				CODE_SIGN_IDENTITY = "iPhone Developer";
				COPY_PHASE_STRIP = NO;
				DEBUG_INFORMATION_FORMAT = "dwarf-with-dsym";
				ENABLE_NS_ASSERTIONS = NO;
				ENABLE_STRICT_OBJC_MSGSEND = YES;
				GCC_C_LANGUAGE_STANDARD = gnu11;
				GCC_NO_COMMON_BLOCKS = YES;
				GCC_WARN_64_TO_32_BIT_CONVERSION = YES;
				GCC_WARN_ABOUT_RETURN_TYPE = YES_ERROR;
				GCC_WARN_UNDECLARED_SELECTOR = YES;
				GCC_WARN_UNINITIALIZED_AUTOS = YES_AGGRESSIVE;
				GCC_WARN_UNUSED_FUNCTION = YES;
				GCC_WARN_UNUSED_VARIABLE = YES;
				IPHONEOS_DEPLOYMENT_TARGET = 11.4;
				MTL_ENABLE_DEBUG_INFO = NO;
				SDKROOT = iphoneos;
				SWIFT_COMPILATION_MODE = wholemodule;
				SWIFT_OPTIMIZATION_LEVEL = "-O";
				VALIDATE_PRODUCT = YES;
			};
			name = Release;
		};
		65D8E0F32169CBF2002906AA /* Debug */ = {
			isa = XCBuildConfiguration;
			buildSettings = {
				ASSETCATALOG_COMPILER_APPICON_NAME = AppIcon;
				CODE_SIGN_STYLE = Automatic;
				DEVELOPMENT_TEAM = 32P2J25CM3;
				INFOPLIST_FILE = CompanyFinder/Info.plist;
				LD_RUNPATH_SEARCH_PATHS = (
					"$(inherited)",
					"@executable_path/Frameworks",
				);
				PRODUCT_BUNDLE_IDENTIFIER = com.chaseklingel.CompanyFinder;
				PRODUCT_NAME = "$(TARGET_NAME)";
				SWIFT_VERSION = 4.0;
				TARGETED_DEVICE_FAMILY = "1,2";
			};
			name = Debug;
		};
		65D8E0F42169CBF2002906AA /* Release */ = {
			isa = XCBuildConfiguration;
			buildSettings = {
				ASSETCATALOG_COMPILER_APPICON_NAME = AppIcon;
				CODE_SIGN_STYLE = Automatic;
				DEVELOPMENT_TEAM = 32P2J25CM3;
				INFOPLIST_FILE = CompanyFinder/Info.plist;
				LD_RUNPATH_SEARCH_PATHS = (
					"$(inherited)",
					"@executable_path/Frameworks",
				);
				PRODUCT_BUNDLE_IDENTIFIER = com.chaseklingel.CompanyFinder;
				PRODUCT_NAME = "$(TARGET_NAME)";
				SWIFT_VERSION = 4.0;
				TARGETED_DEVICE_FAMILY = "1,2";
			};
			name = Release;
		};
/* End XCBuildConfiguration section */

/* Begin XCConfigurationList section */
		65D8E0DB2169CBF0002906AA /* Build configuration list for PBXProject "CompanyFinder" */ = {
			isa = XCConfigurationList;
			buildConfigurations = (
				65D8E0F02169CBF2002906AA /* Debug */,
				65D8E0F12169CBF2002906AA /* Release */,
			);
			defaultConfigurationIsVisible = 0;
			defaultConfigurationName = Release;
		};
		65D8E0F22169CBF2002906AA /* Build configuration list for PBXNativeTarget "CompanyFinder" */ = {
			isa = XCConfigurationList;
			buildConfigurations = (
				65D8E0F32169CBF2002906AA /* Debug */,
				65D8E0F42169CBF2002906AA /* Release */,
			);
			defaultConfigurationIsVisible = 0;
			defaultConfigurationName = Release;
		};
/* End XCConfigurationList section */

/* Begin XCVersionGroup section */
		659C9CA7216C41AA00388634 /* CompanyFinderModels.xcdatamodeld */ = {
			isa = XCVersionGroup;
			children = (
				659C9CA8216C41AA00388634 /* CompanyFinderModels.xcdatamodel */,
			);
			currentVersion = 659C9CA8216C41AA00388634 /* CompanyFinderModels.xcdatamodel */;
			path = CompanyFinderModels.xcdatamodeld;
			sourceTree = "<group>";
			versionGroupType = wrapper.xcdatamodel;
		};
/* End XCVersionGroup section */
	};
	rootObject = 65D8E0D82169CBEF002906AA /* Project object */;
}
